
Microsoft Visual Studio Solution File, Format Version 12.00
# Visual Studio Version 17
VisualStudioVersion = 17.9.34728.123
MinimumVisualStudioVersion = 10.0.40219.1
Project("{9A19103F-16F7-4668-BE54-9A1E7A4F7556}") = "DotNetDomainBoundarySpecifier", "DotNetDomainBoundarySpecifier\DotNetDomainBoundarySpecifier.csproj", "{BEF1FB22-A03C-4495-85E7-C3344A2D4E4B}"
EndProject
Project("{2150E333-8FDC-42A3-9474-1A3956D46DE8}") = "Test", "Test", "{1E3449C4-1B14-466B-ABD5-CF6C01C79AC2}"
EndProject
Project("{9A19103F-16F7-4668-BE54-9A1E7A4F7556}") = "Test.DomainX", "Test\Test.DomainX\Test.DomainX.csproj", "{B20F85DC-F44F-450D-85F4-BF9A1873C96D}"
EndProject
Project("{9A19103F-16F7-4668-BE54-9A1E7A4F7556}") = "Test.ExternalDomainY", "Test\Test.ExternalDomainY\Test.ExternalDomainY.csproj", "{0E27C2B1-F028-4028-BFD0-4816F8E067D1}"
EndProject
Global
	GlobalSection(SolutionConfigurationPlatforms) = preSolution
		Debug|Any CPU = Debug|Any CPU
		Release|Any CPU = Release|Any CPU
	EndGlobalSection
	GlobalSection(ProjectConfigurationPlatforms) = postSolution
		{BEF1FB22-A03C-4495-85E7-C3344A2D4E4B}.Debug|Any CPU.ActiveCfg = Debug|Any CPU
		{BEF1FB22-A03C-4495-85E7-C3344A2D4E4B}.Debug|Any CPU.Build.0 = Debug|Any CPU
		{BEF1FB22-A03C-4495-85E7-C3344A2D4E4B}.Release|Any CPU.ActiveCfg = Release|Any CPU
		{BEF1FB22-A03C-4495-85E7-C3344A2D4E4B}.Release|Any CPU.Build.0 = Release|Any CPU
		{B20F85DC-F44F-450D-85F4-BF9A1873C96D}.Debug|Any CPU.ActiveCfg = Debug|Any CPU
		{B20F85DC-F44F-450D-85F4-BF9A1873C96D}.Debug|Any CPU.Build.0 = Debug|Any CPU
		{B20F85DC-F44F-450D-85F4-BF9A1873C96D}.Release|Any CPU.ActiveCfg = Release|Any CPU
		{B20F85DC-F44F-450D-85F4-BF9A1873C96D}.Release|Any CPU.Build.0 = Release|Any CPU
		{0E27C2B1-F028-4028-BFD0-4816F8E067D1}.Debug|Any CPU.ActiveCfg = Debug|Any CPU
		{0E27C2B1-F028-4028-BFD0-4816F8E067D1}.Debug|Any CPU.Build.0 = Debug|Any CPU
		{0E27C2B1-F028-4028-BFD0-4816F8E067D1}.Release|Any CPU.ActiveCfg = Release|Any CPU
		{0E27C2B1-F028-4028-BFD0-4816F8E067D1}.Release|Any CPU.Build.0 = Release|Any CPU
	EndGlobalSection
	GlobalSection(SolutionProperties) = preSolution
		HideSolutionNode = FALSE
	EndGlobalSection
	GlobalSection(NestedProjects) = preSolution
		{B20F85DC-F44F-450D-85F4-BF9A1873C96D} = {1E3449C4-1B14-466B-ABD5-CF6C01C79AC2}
		{0E27C2B1-F028-4028-BFD0-4816F8E067D1} = {1E3449C4-1B14-466B-ABD5-CF6C01C79AC2}
	EndGlobalSection
	GlobalSection(ExtensibilityGlobals) = postSolution
		SolutionGuid = {CA4D9624-947D-418B-819C-89490E28391F}
	EndGlobalSection
EndGlobal
